
Microsoft Visual Studio Solution File, Format Version 12.00
# Visual Studio Version 16
VisualStudioVersion = 16.0.30320.27
MinimumVisualStudioVersion = 10.0.40219.1
Project("{8BC9CEB8-8B4A-11D0-8D11-00A0C91BC942}") = "CodingTestDay1_StackQue_StockPrices", "CodingTestDay1_StackQue_StockPrices\CodingTestDay1_StackQue_StockPrices.vcxproj", "{665ACC6F-9EA3-48A4-98BE-59A43454F88B}"
EndProject
Project("{8BC9CEB8-8B4A-11D0-8D11-00A0C91BC942}") = "CodingTestDay2_StackQue_FunctionDevelopment", "CodingTestDay2_StackQue_FunctionDevelopment\CodingTestDay2_StackQue_FunctionDevelopment.vcxproj", "{4939E402-840C-40F7-85B5-10A89C1B22F2}"
EndProject
Project("{8BC9CEB8-8B4A-11D0-8D11-00A0C91BC942}") = "CodingTestDay3_Combination", "CodingTestDay3_Combination\CodingTestDay3_Combination.vcxproj", "{D17A3BDC-214F-465A-B0AA-57DA2F0E0D8A}"
EndProject
Project("{8BC9CEB8-8B4A-11D0-8D11-00A0C91BC942}") = "CodingTestDay4_Marathoner", "CodingTestDay3_DollDrawingMachine\CodingTestDay3_DollDrawingMachine.vcxproj", "{41F54008-B276-47F2-A73F-96E6B0B88609}"
EndProject
Project("{8BC9CEB8-8B4A-11D0-8D11-00A0C91BC942}") = "CodingTestDay5_TrainingWear", "CodingTestDay5_TrainingWear\CodingTestDay5_TrainingWear.vcxproj", "{0B08D7D8-3A57-4E98-8A90-6D557A190B9E}"
EndProject
Project("{8BC9CEB8-8B4A-11D0-8D11-00A0C91BC942}") = "CodingTestDay6_HateSameNum", "CodingTestDay6_HateSameNum\CodingTestDay6_HateSameNum.vcxproj", "{625A25D8-53BF-4A4C-9BE8-93BB6997F69A}"
EndProject
Project("{8BC9CEB8-8B4A-11D0-8D11-00A0C91BC942}") = "CodingTestDay7_MockExam", "CodingTestDay7_MockExam\CodingTestDay7_MockExam.vcxproj", "{D0DE9D8A-4776-449A-8F0D-86BEEEFE25DC}"
EndProject
Project("{8BC9CEB8-8B4A-11D0-8D11-00A0C91BC942}") = "CodingTestDay9_Caesar", "CodingTestDay9_Caesar\CodingTestDay9_Caesar.vcxproj", "{3BC72770-E993-49FA-9FAF-6CF60360BD18}"
EndProject
Project("{8BC9CEB8-8B4A-11D0-8D11-00A0C91BC942}") = "CodingTestDay10_countpy", "countpy\countpy.vcxproj", "{6EBCAE6D-BF5E-4DD2-A596-1D156230C9C1}"
EndProject
Project("{8BC9CEB8-8B4A-11D0-8D11-00A0C91BC942}") = "CodingTestDay11_CommonMeasureMultiple", "CodingTestDay11_CommonMeasureMultiple\CodingTestDay11_CommonMeasureMultiple.vcxproj", "{121AB5C1-4119-47E7-8CA1-6D764C5C2381}"
EndProject
Project("{8BC9CEB8-8B4A-11D0-8D11-00A0C91BC942}") = "CodingTestDay13_Watermelonolemretaw", "CodingTestDay13_Watermelonolemretaw\CodingTestDay13_Watermelonolemretaw.vcxproj", "{F666A3B3-30B5-49D0-83D7-2F655E4D5A09}"
EndProject
Project("{8BC9CEB8-8B4A-11D0-8D11-00A0C91BC942}") = "CodingTestDay12_3jinbeop", "CodingTestDay12_3jinbeop\CodingTestDay12_3jinbeop.vcxproj", "{DB0FB4F1-5B50-40A5-92D8-F71FE4E0DDFB}"
EndProject
Project("{8BC9CEB8-8B4A-11D0-8D11-00A0C91BC942}") = "CodingTestDay14_DotProduct", "CodingTestDay14_DotProduct\CodingTestDay14_DotProduct.vcxproj", "{FDC7001F-602B-487B-9C9E-75AA2B0DD19F}"
EndProject
Project("{8BC9CEB8-8B4A-11D0-8D11-00A0C91BC942}") = "CodingTestDay15_NumberK", "CodingTestDay15_NumberK\CodingTestDay15_NumberK.vcxproj", "{1321031F-16B8-454B-A35B-2B562ECC83F1}"
EndProject
Project("{8BC9CEB8-8B4A-11D0-8D11-00A0C91BC942}") = "CodingTestDay16_WeirdNumber", "CodingTestDay16_WeirdNumber\CodingTestDay16_WeirdNumber.vcxproj", "{DEC19F15-154B-40EC-B7C9-7E9FA204B354}"
EndProject
Project("{8BC9CEB8-8B4A-11D0-8D11-00A0C91BC942}") = "CodingTestDay17_FindPrimeNumber", "CodingTestDay17_FindPrimeNumber\CodingTestDay17_FindPrimeNumber.vcxproj", "{6E78438C-9590-4C36-B62F-FF52072C4DE4}"
EndProject
Project("{8BC9CEB8-8B4A-11D0-8D11-00A0C91BC942}") = "CodingTestDay18_SumBetweenTwoNum", "CodingTestDay18_SumBetweenTwoNum\CodingTestDay18_SumBetweenTwoNum.vcxproj", "{7EA190D9-253B-45E8-919E-6C75C1B976CD}"
EndProject
Project("{8BC9CEB8-8B4A-11D0-8D11-00A0C91BC942}") = "CodingTestDay19_GetMiddleLetter", "CodingTestDay19_GetMiddleLetter\CodingTestDay19_GetMiddleLetter.vcxproj", "{5EEE42CC-D685-4D17-A951-A420DE551D0A}"
EndProject
Project("{8BC9CEB8-8B4A-11D0-8D11-00A0C91BC942}") = "CodingTestDay19_2016", "CodingTestDay19_2016\CodingTestDay19_2016.vcxproj", "{B5C182EA-9C06-4237-AA4F-4D6E3C1D6CBC}"
EndProject
Project("{8BC9CEB8-8B4A-11D0-8D11-00A0C91BC942}") = "CodingTestDat21_OddEven", "CodingTestDat21_OddEven\CodingTestDat21_OddEven.vcxproj", "{3D4CFEE1-B63B-4463-8CF0-1E7A632A01AD}"
EndProject
Project("{8BC9CEB8-8B4A-11D0-8D11-00A0C91BC942}") = "CodingTestDay22_StringControlBasic", "CodingTestDay22_StringControlBasic\CodingTestDay22_StringControlBasic.vcxproj", "{9E1C16AD-51C2-40F6-B404-37B5C1B7B131}"
EndProject
Project("{8BC9CEB8-8B4A-11D0-8D11-00A0C91BC942}") = "CodingTestDay23_KeypadTouch", "CodingTestDay23_KeypadTouch\CodingTestDay23_KeypadTouch.vcxproj", "{1C1DCCD3-152E-4422-B144-754ED88D3CEF}"
EndProject
Project("{8BC9CEB8-8B4A-11D0-8D11-00A0C91BC942}") = "CodingTestDay24_SortDescending", "CodingTestDay24_SortDescending\CodingTestDay24_SortDescending.vcxproj", "{2BA03508-2172-4B5F-A9B8-6FCB3415D6CF}"
EndProject
Project("{8BC9CEB8-8B4A-11D0-8D11-00A0C91BC942}") = "CodingTestDay24_FindHusbandKim", "CodingTestDay24_FindHusbandKim\CodingTestDay24_FindHusbandKim.vcxproj", "{14FC6A7F-91F1-41D5-9849-7AAE768507A1}"
EndProject
Project("{8BC9CEB8-8B4A-11D0-8D11-00A0C91BC942}") = "CodingTestDay24_StringToInteger", "CodingTestDay24_StringToInteger\CodingTestDay24_StringToInteger.vcxproj", "{58678884-7929-4423-9AFB-D3FF6B55DA5B}"
EndProject
Project("{8BC9CEB8-8B4A-11D0-8D11-00A0C91BC942}") = "CodingTestDay25_InvertedNaturalNumber", "CodingTestDay25_InvertedNaturalNumber\CodingTestDay25_InvertedNaturalNumber.vcxproj", "{5D4D85E9-D010-4841-9F0E-EACB5EB89144}"
EndProject
Project("{8BC9CEB8-8B4A-11D0-8D11-00A0C91BC942}") = "CodingTestDay25_GetAverage", "CodingTestDay25_GetAverage\CodingTestDay25_GetAverage.vcxproj", "{5F067EBB-D96A-43A0-9915-374A6ED4A175}"
EndProject
Project("{8BC9CEB8-8B4A-11D0-8D11-00A0C91BC942}") = "CodingTestDay25_RemoveSmallestNum", "CodingTestDay25_RemoveSmallestNum\CodingTestDay25_RemoveSmallestNum.vcxproj", "{48F0F713-E98A-4480-8B88-F462C471CAC0}"
EndProject
Project("{8BC9CEB8-8B4A-11D0-8D11-00A0C91BC942}") = "CodintTestPractice26_PrintRectangularStar", "CodintTestPractice26_PrintRectangularStar\CodintTestPractice26_PrintRectangularStar.vcxproj", "{4B41BE04-22EC-4197-AFE9-5A761DB082F9}"
EndProject
Project("{8BC9CEB8-8B4A-11D0-8D11-00A0C91BC942}") = "CodingTestDay26_SumArray", "CodingTestDay26_SumArray\CodingTestDay26_SumArray.vcxproj", "{51993C83-675F-432E-BB48-87EC311FA974}"
EndProject
Project("{8BC9CEB8-8B4A-11D0-8D11-00A0C91BC942}") = "CodingTestDay26_SortSqrt", "CodingTestDay26_SortSqrt\CodingTestDay26_SortSqrt.vcxproj", "{473CD43F-C368-49B5-8DA8-0EA7D90B34F0}"
EndProject
Project("{8BC9CEB8-8B4A-11D0-8D11-00A0C91BC942}") = "CodingTestDay27_HidePhoneNumber", "CodingTestDay27_HidePhoneNumber\CodingTestDay27_HidePhoneNumber.vcxproj", "{02F670C8-5C00-4170-B9A2-C6B6B5F76296}"
EndProject
Project("{8BC9CEB8-8B4A-11D0-8D11-00A0C91BC942}") = "CodingTestDay27_AddDigits", "CodingTestDay27_AddDigits\CodingTestDay27_AddDigits.vcxproj", "{8CCF9996-D5FC-4A4A-9993-9A7E9F984D04}"
EndProject
Project("{8BC9CEB8-8B4A-11D0-8D11-00A0C91BC942}") = "CodingTestDay27_DescedingInteger", "CodingTestDay27_DescedingInteger\CodingTestDay27_DescedingInteger.vcxproj", "{C0ADDD0E-C87C-448B-8641-CCD8AFCFDFA0}"
EndProject
Project("{8BC9CEB8-8B4A-11D0-8D11-00A0C91BC942}") = "N_Number_Spaced_By_X", "N_Number_Spaced_By_X\N_Number_Spaced_By_X.vcxproj", "{84700FA9-9785-43F0-829F-A8588F41AB54}"
EndProject
Project("{8BC9CEB8-8B4A-11D0-8D11-00A0C91BC942}") = "DivisibleNumber", "DivisibleNumber\DivisibleNumber.vcxproj", "{699B5060-576D-4156-ACC1-8EAF48BAE93B}"
EndProject
Project("{8BC9CEB8-8B4A-11D0-8D11-00A0C91BC942}") = "SumOfFactor", "SumOfFactor\SumOfFactor.vcxproj", "{88A12EFB-86A2-4759-ADDD-446C014DAAD6}"
EndProject
Project("{8BC9CEB8-8B4A-11D0-8D11-00A0C91BC942}") = "CollatzNumber", "CollatzNumber\CollatzNumber.vcxproj", "{97F678E1-3115-47DB-B585-46B61446DD96}"
EndProject
Project("{8BC9CEB8-8B4A-11D0-8D11-00A0C91BC942}") = "HarshadNumber", "HarshadNumber\HarshadNumber.vcxproj", "{E7A62EA4-39A0-4610-A66F-9469B3D674E4}"
EndProject
Project("{8BC9CEB8-8B4A-11D0-8D11-00A0C91BC942}") = "TheBiggestNum", "TheBiggestNum\TheBiggestNum.vcxproj", "{0947BA9C-9A72-4174-B7A2-5FFE475A8FFF}"
EndProject
Global
	GlobalSection(SolutionConfigurationPlatforms) = preSolution
		Debug|x64 = Debug|x64
		Debug|x86 = Debug|x86
		Release|x64 = Release|x64
		Release|x86 = Release|x86
	EndGlobalSection
	GlobalSection(ProjectConfigurationPlatforms) = postSolution
		{665ACC6F-9EA3-48A4-98BE-59A43454F88B}.Debug|x64.ActiveCfg = Debug|x64
		{665ACC6F-9EA3-48A4-98BE-59A43454F88B}.Debug|x64.Build.0 = Debug|x64
		{665ACC6F-9EA3-48A4-98BE-59A43454F88B}.Debug|x86.ActiveCfg = Debug|Win32
		{665ACC6F-9EA3-48A4-98BE-59A43454F88B}.Debug|x86.Build.0 = Debug|Win32
		{665ACC6F-9EA3-48A4-98BE-59A43454F88B}.Release|x64.ActiveCfg = Release|x64
		{665ACC6F-9EA3-48A4-98BE-59A43454F88B}.Release|x64.Build.0 = Release|x64
		{665ACC6F-9EA3-48A4-98BE-59A43454F88B}.Release|x86.ActiveCfg = Release|Win32
		{665ACC6F-9EA3-48A4-98BE-59A43454F88B}.Release|x86.Build.0 = Release|Win32
		{4939E402-840C-40F7-85B5-10A89C1B22F2}.Debug|x64.ActiveCfg = Debug|x64
		{4939E402-840C-40F7-85B5-10A89C1B22F2}.Debug|x64.Build.0 = Debug|x64
		{4939E402-840C-40F7-85B5-10A89C1B22F2}.Debug|x86.ActiveCfg = Debug|Win32
		{4939E402-840C-40F7-85B5-10A89C1B22F2}.Debug|x86.Build.0 = Debug|Win32
		{4939E402-840C-40F7-85B5-10A89C1B22F2}.Release|x64.ActiveCfg = Release|x64
		{4939E402-840C-40F7-85B5-10A89C1B22F2}.Release|x64.Build.0 = Release|x64
		{4939E402-840C-40F7-85B5-10A89C1B22F2}.Release|x86.ActiveCfg = Release|Win32
		{4939E402-840C-40F7-85B5-10A89C1B22F2}.Release|x86.Build.0 = Release|Win32
		{D17A3BDC-214F-465A-B0AA-57DA2F0E0D8A}.Debug|x64.ActiveCfg = Debug|x64
		{D17A3BDC-214F-465A-B0AA-57DA2F0E0D8A}.Debug|x64.Build.0 = Debug|x64
		{D17A3BDC-214F-465A-B0AA-57DA2F0E0D8A}.Debug|x86.ActiveCfg = Debug|Win32
		{D17A3BDC-214F-465A-B0AA-57DA2F0E0D8A}.Debug|x86.Build.0 = Debug|Win32
		{D17A3BDC-214F-465A-B0AA-57DA2F0E0D8A}.Release|x64.ActiveCfg = Release|x64
		{D17A3BDC-214F-465A-B0AA-57DA2F0E0D8A}.Release|x64.Build.0 = Release|x64
		{D17A3BDC-214F-465A-B0AA-57DA2F0E0D8A}.Release|x86.ActiveCfg = Release|Win32
		{D17A3BDC-214F-465A-B0AA-57DA2F0E0D8A}.Release|x86.Build.0 = Release|Win32
		{41F54008-B276-47F2-A73F-96E6B0B88609}.Debug|x64.ActiveCfg = Debug|x64
		{41F54008-B276-47F2-A73F-96E6B0B88609}.Debug|x64.Build.0 = Debug|x64
		{41F54008-B276-47F2-A73F-96E6B0B88609}.Debug|x86.ActiveCfg = Debug|Win32
		{41F54008-B276-47F2-A73F-96E6B0B88609}.Debug|x86.Build.0 = Debug|Win32
		{41F54008-B276-47F2-A73F-96E6B0B88609}.Release|x64.ActiveCfg = Release|x64
		{41F54008-B276-47F2-A73F-96E6B0B88609}.Release|x64.Build.0 = Release|x64
		{41F54008-B276-47F2-A73F-96E6B0B88609}.Release|x86.ActiveCfg = Release|Win32
		{41F54008-B276-47F2-A73F-96E6B0B88609}.Release|x86.Build.0 = Release|Win32
		{0B08D7D8-3A57-4E98-8A90-6D557A190B9E}.Debug|x64.ActiveCfg = Debug|x64
		{0B08D7D8-3A57-4E98-8A90-6D557A190B9E}.Debug|x64.Build.0 = Debug|x64
		{0B08D7D8-3A57-4E98-8A90-6D557A190B9E}.Debug|x86.ActiveCfg = Debug|Win32
		{0B08D7D8-3A57-4E98-8A90-6D557A190B9E}.Debug|x86.Build.0 = Debug|Win32
		{0B08D7D8-3A57-4E98-8A90-6D557A190B9E}.Release|x64.ActiveCfg = Release|x64
		{0B08D7D8-3A57-4E98-8A90-6D557A190B9E}.Release|x64.Build.0 = Release|x64
		{0B08D7D8-3A57-4E98-8A90-6D557A190B9E}.Release|x86.ActiveCfg = Release|Win32
		{0B08D7D8-3A57-4E98-8A90-6D557A190B9E}.Release|x86.Build.0 = Release|Win32
		{625A25D8-53BF-4A4C-9BE8-93BB6997F69A}.Debug|x64.ActiveCfg = Debug|x64
		{625A25D8-53BF-4A4C-9BE8-93BB6997F69A}.Debug|x64.Build.0 = Debug|x64
		{625A25D8-53BF-4A4C-9BE8-93BB6997F69A}.Debug|x86.ActiveCfg = Debug|Win32
		{625A25D8-53BF-4A4C-9BE8-93BB6997F69A}.Debug|x86.Build.0 = Debug|Win32
		{625A25D8-53BF-4A4C-9BE8-93BB6997F69A}.Release|x64.ActiveCfg = Release|x64
		{625A25D8-53BF-4A4C-9BE8-93BB6997F69A}.Release|x64.Build.0 = Release|x64
		{625A25D8-53BF-4A4C-9BE8-93BB6997F69A}.Release|x86.ActiveCfg = Release|Win32
		{625A25D8-53BF-4A4C-9BE8-93BB6997F69A}.Release|x86.Build.0 = Release|Win32
		{D0DE9D8A-4776-449A-8F0D-86BEEEFE25DC}.Debug|x64.ActiveCfg = Debug|x64
		{D0DE9D8A-4776-449A-8F0D-86BEEEFE25DC}.Debug|x64.Build.0 = Debug|x64
		{D0DE9D8A-4776-449A-8F0D-86BEEEFE25DC}.Debug|x86.ActiveCfg = Debug|Win32
		{D0DE9D8A-4776-449A-8F0D-86BEEEFE25DC}.Debug|x86.Build.0 = Debug|Win32
		{D0DE9D8A-4776-449A-8F0D-86BEEEFE25DC}.Release|x64.ActiveCfg = Release|x64
		{D0DE9D8A-4776-449A-8F0D-86BEEEFE25DC}.Release|x64.Build.0 = Release|x64
		{D0DE9D8A-4776-449A-8F0D-86BEEEFE25DC}.Release|x86.ActiveCfg = Release|Win32
		{D0DE9D8A-4776-449A-8F0D-86BEEEFE25DC}.Release|x86.Build.0 = Release|Win32
		{3BC72770-E993-49FA-9FAF-6CF60360BD18}.Debug|x64.ActiveCfg = Debug|x64
		{3BC72770-E993-49FA-9FAF-6CF60360BD18}.Debug|x64.Build.0 = Debug|x64
		{3BC72770-E993-49FA-9FAF-6CF60360BD18}.Debug|x86.ActiveCfg = Debug|Win32
		{3BC72770-E993-49FA-9FAF-6CF60360BD18}.Debug|x86.Build.0 = Debug|Win32
		{3BC72770-E993-49FA-9FAF-6CF60360BD18}.Release|x64.ActiveCfg = Release|x64
		{3BC72770-E993-49FA-9FAF-6CF60360BD18}.Release|x64.Build.0 = Release|x64
		{3BC72770-E993-49FA-9FAF-6CF60360BD18}.Release|x86.ActiveCfg = Release|Win32
		{3BC72770-E993-49FA-9FAF-6CF60360BD18}.Release|x86.Build.0 = Release|Win32
		{6EBCAE6D-BF5E-4DD2-A596-1D156230C9C1}.Debug|x64.ActiveCfg = Debug|x64
		{6EBCAE6D-BF5E-4DD2-A596-1D156230C9C1}.Debug|x64.Build.0 = Debug|x64
		{6EBCAE6D-BF5E-4DD2-A596-1D156230C9C1}.Debug|x86.ActiveCfg = Debug|Win32
		{6EBCAE6D-BF5E-4DD2-A596-1D156230C9C1}.Debug|x86.Build.0 = Debug|Win32
		{6EBCAE6D-BF5E-4DD2-A596-1D156230C9C1}.Release|x64.ActiveCfg = Release|x64
		{6EBCAE6D-BF5E-4DD2-A596-1D156230C9C1}.Release|x64.Build.0 = Release|x64
		{6EBCAE6D-BF5E-4DD2-A596-1D156230C9C1}.Release|x86.ActiveCfg = Release|Win32
		{6EBCAE6D-BF5E-4DD2-A596-1D156230C9C1}.Release|x86.Build.0 = Release|Win32
		{121AB5C1-4119-47E7-8CA1-6D764C5C2381}.Debug|x64.ActiveCfg = Debug|x64
		{121AB5C1-4119-47E7-8CA1-6D764C5C2381}.Debug|x64.Build.0 = Debug|x64
		{121AB5C1-4119-47E7-8CA1-6D764C5C2381}.Debug|x86.ActiveCfg = Debug|Win32
		{121AB5C1-4119-47E7-8CA1-6D764C5C2381}.Debug|x86.Build.0 = Debug|Win32
		{121AB5C1-4119-47E7-8CA1-6D764C5C2381}.Release|x64.ActiveCfg = Release|x64
		{121AB5C1-4119-47E7-8CA1-6D764C5C2381}.Release|x64.Build.0 = Release|x64
		{121AB5C1-4119-47E7-8CA1-6D764C5C2381}.Release|x86.ActiveCfg = Release|Win32
		{121AB5C1-4119-47E7-8CA1-6D764C5C2381}.Release|x86.Build.0 = Release|Win32
		{F666A3B3-30B5-49D0-83D7-2F655E4D5A09}.Debug|x64.ActiveCfg = Debug|x64
		{F666A3B3-30B5-49D0-83D7-2F655E4D5A09}.Debug|x64.Build.0 = Debug|x64
		{F666A3B3-30B5-49D0-83D7-2F655E4D5A09}.Debug|x86.ActiveCfg = Debug|Win32
		{F666A3B3-30B5-49D0-83D7-2F655E4D5A09}.Debug|x86.Build.0 = Debug|Win32
		{F666A3B3-30B5-49D0-83D7-2F655E4D5A09}.Release|x64.ActiveCfg = Release|x64
		{F666A3B3-30B5-49D0-83D7-2F655E4D5A09}.Release|x64.Build.0 = Release|x64
		{F666A3B3-30B5-49D0-83D7-2F655E4D5A09}.Release|x86.ActiveCfg = Release|Win32
		{F666A3B3-30B5-49D0-83D7-2F655E4D5A09}.Release|x86.Build.0 = Release|Win32
		{DB0FB4F1-5B50-40A5-92D8-F71FE4E0DDFB}.Debug|x64.ActiveCfg = Debug|x64
		{DB0FB4F1-5B50-40A5-92D8-F71FE4E0DDFB}.Debug|x64.Build.0 = Debug|x64
		{DB0FB4F1-5B50-40A5-92D8-F71FE4E0DDFB}.Debug|x86.ActiveCfg = Debug|Win32
		{DB0FB4F1-5B50-40A5-92D8-F71FE4E0DDFB}.Debug|x86.Build.0 = Debug|Win32
		{DB0FB4F1-5B50-40A5-92D8-F71FE4E0DDFB}.Release|x64.ActiveCfg = Release|x64
		{DB0FB4F1-5B50-40A5-92D8-F71FE4E0DDFB}.Release|x64.Build.0 = Release|x64
		{DB0FB4F1-5B50-40A5-92D8-F71FE4E0DDFB}.Release|x86.ActiveCfg = Release|Win32
		{DB0FB4F1-5B50-40A5-92D8-F71FE4E0DDFB}.Release|x86.Build.0 = Release|Win32
		{FDC7001F-602B-487B-9C9E-75AA2B0DD19F}.Debug|x64.ActiveCfg = Debug|x64
		{FDC7001F-602B-487B-9C9E-75AA2B0DD19F}.Debug|x64.Build.0 = Debug|x64
		{FDC7001F-602B-487B-9C9E-75AA2B0DD19F}.Debug|x86.ActiveCfg = Debug|Win32
		{FDC7001F-602B-487B-9C9E-75AA2B0DD19F}.Debug|x86.Build.0 = Debug|Win32
		{FDC7001F-602B-487B-9C9E-75AA2B0DD19F}.Release|x64.ActiveCfg = Release|x64
		{FDC7001F-602B-487B-9C9E-75AA2B0DD19F}.Release|x64.Build.0 = Release|x64
		{FDC7001F-602B-487B-9C9E-75AA2B0DD19F}.Release|x86.ActiveCfg = Release|Win32
		{FDC7001F-602B-487B-9C9E-75AA2B0DD19F}.Release|x86.Build.0 = Release|Win32
		{1321031F-16B8-454B-A35B-2B562ECC83F1}.Debug|x64.ActiveCfg = Debug|x64
		{1321031F-16B8-454B-A35B-2B562ECC83F1}.Debug|x64.Build.0 = Debug|x64
		{1321031F-16B8-454B-A35B-2B562ECC83F1}.Debug|x86.ActiveCfg = Debug|Win32
		{1321031F-16B8-454B-A35B-2B562ECC83F1}.Debug|x86.Build.0 = Debug|Win32
		{1321031F-16B8-454B-A35B-2B562ECC83F1}.Release|x64.ActiveCfg = Release|x64
		{1321031F-16B8-454B-A35B-2B562ECC83F1}.Release|x64.Build.0 = Release|x64
		{1321031F-16B8-454B-A35B-2B562ECC83F1}.Release|x86.ActiveCfg = Release|Win32
		{1321031F-16B8-454B-A35B-2B562ECC83F1}.Release|x86.Build.0 = Release|Win32
		{DEC19F15-154B-40EC-B7C9-7E9FA204B354}.Debug|x64.ActiveCfg = Debug|x64
		{DEC19F15-154B-40EC-B7C9-7E9FA204B354}.Debug|x64.Build.0 = Debug|x64
		{DEC19F15-154B-40EC-B7C9-7E9FA204B354}.Debug|x86.ActiveCfg = Debug|Win32
		{DEC19F15-154B-40EC-B7C9-7E9FA204B354}.Debug|x86.Build.0 = Debug|Win32
		{DEC19F15-154B-40EC-B7C9-7E9FA204B354}.Release|x64.ActiveCfg = Release|x64
		{DEC19F15-154B-40EC-B7C9-7E9FA204B354}.Release|x64.Build.0 = Release|x64
		{DEC19F15-154B-40EC-B7C9-7E9FA204B354}.Release|x86.ActiveCfg = Release|Win32
		{DEC19F15-154B-40EC-B7C9-7E9FA204B354}.Release|x86.Build.0 = Release|Win32
		{6E78438C-9590-4C36-B62F-FF52072C4DE4}.Debug|x64.ActiveCfg = Debug|x64
		{6E78438C-9590-4C36-B62F-FF52072C4DE4}.Debug|x64.Build.0 = Debug|x64
		{6E78438C-9590-4C36-B62F-FF52072C4DE4}.Debug|x86.ActiveCfg = Debug|Win32
		{6E78438C-9590-4C36-B62F-FF52072C4DE4}.Debug|x86.Build.0 = Debug|Win32
		{6E78438C-9590-4C36-B62F-FF52072C4DE4}.Release|x64.ActiveCfg = Release|x64
		{6E78438C-9590-4C36-B62F-FF52072C4DE4}.Release|x64.Build.0 = Release|x64
		{6E78438C-9590-4C36-B62F-FF52072C4DE4}.Release|x86.ActiveCfg = Release|Win32
		{6E78438C-9590-4C36-B62F-FF52072C4DE4}.Release|x86.Build.0 = Release|Win32
		{7EA190D9-253B-45E8-919E-6C75C1B976CD}.Debug|x64.ActiveCfg = Debug|x64
		{7EA190D9-253B-45E8-919E-6C75C1B976CD}.Debug|x64.Build.0 = Debug|x64
		{7EA190D9-253B-45E8-919E-6C75C1B976CD}.Debug|x86.ActiveCfg = Debug|Win32
		{7EA190D9-253B-45E8-919E-6C75C1B976CD}.Debug|x86.Build.0 = Debug|Win32
		{7EA190D9-253B-45E8-919E-6C75C1B976CD}.Release|x64.ActiveCfg = Release|x64
		{7EA190D9-253B-45E8-919E-6C75C1B976CD}.Release|x64.Build.0 = Release|x64
		{7EA190D9-253B-45E8-919E-6C75C1B976CD}.Release|x86.ActiveCfg = Release|Win32
		{7EA190D9-253B-45E8-919E-6C75C1B976CD}.Release|x86.Build.0 = Release|Win32
		{5EEE42CC-D685-4D17-A951-A420DE551D0A}.Debug|x64.ActiveCfg = Debug|x64
		{5EEE42CC-D685-4D17-A951-A420DE551D0A}.Debug|x64.Build.0 = Debug|x64
		{5EEE42CC-D685-4D17-A951-A420DE551D0A}.Debug|x86.ActiveCfg = Debug|Win32
		{5EEE42CC-D685-4D17-A951-A420DE551D0A}.Debug|x86.Build.0 = Debug|Win32
		{5EEE42CC-D685-4D17-A951-A420DE551D0A}.Release|x64.ActiveCfg = Release|x64
		{5EEE42CC-D685-4D17-A951-A420DE551D0A}.Release|x64.Build.0 = Release|x64
		{5EEE42CC-D685-4D17-A951-A420DE551D0A}.Release|x86.ActiveCfg = Release|Win32
		{5EEE42CC-D685-4D17-A951-A420DE551D0A}.Release|x86.Build.0 = Release|Win32
		{B5C182EA-9C06-4237-AA4F-4D6E3C1D6CBC}.Debug|x64.ActiveCfg = Debug|x64
		{B5C182EA-9C06-4237-AA4F-4D6E3C1D6CBC}.Debug|x64.Build.0 = Debug|x64
		{B5C182EA-9C06-4237-AA4F-4D6E3C1D6CBC}.Debug|x86.ActiveCfg = Debug|Win32
		{B5C182EA-9C06-4237-AA4F-4D6E3C1D6CBC}.Debug|x86.Build.0 = Debug|Win32
		{B5C182EA-9C06-4237-AA4F-4D6E3C1D6CBC}.Release|x64.ActiveCfg = Release|x64
		{B5C182EA-9C06-4237-AA4F-4D6E3C1D6CBC}.Release|x64.Build.0 = Release|x64
		{B5C182EA-9C06-4237-AA4F-4D6E3C1D6CBC}.Release|x86.ActiveCfg = Release|Win32
		{B5C182EA-9C06-4237-AA4F-4D6E3C1D6CBC}.Release|x86.Build.0 = Release|Win32
		{3D4CFEE1-B63B-4463-8CF0-1E7A632A01AD}.Debug|x64.ActiveCfg = Debug|x64
		{3D4CFEE1-B63B-4463-8CF0-1E7A632A01AD}.Debug|x64.Build.0 = Debug|x64
		{3D4CFEE1-B63B-4463-8CF0-1E7A632A01AD}.Debug|x86.ActiveCfg = Debug|Win32
		{3D4CFEE1-B63B-4463-8CF0-1E7A632A01AD}.Debug|x86.Build.0 = Debug|Win32
		{3D4CFEE1-B63B-4463-8CF0-1E7A632A01AD}.Release|x64.ActiveCfg = Release|x64
		{3D4CFEE1-B63B-4463-8CF0-1E7A632A01AD}.Release|x64.Build.0 = Release|x64
		{3D4CFEE1-B63B-4463-8CF0-1E7A632A01AD}.Release|x86.ActiveCfg = Release|Win32
		{3D4CFEE1-B63B-4463-8CF0-1E7A632A01AD}.Release|x86.Build.0 = Release|Win32
		{9E1C16AD-51C2-40F6-B404-37B5C1B7B131}.Debug|x64.ActiveCfg = Debug|x64
		{9E1C16AD-51C2-40F6-B404-37B5C1B7B131}.Debug|x64.Build.0 = Debug|x64
		{9E1C16AD-51C2-40F6-B404-37B5C1B7B131}.Debug|x86.ActiveCfg = Debug|Win32
		{9E1C16AD-51C2-40F6-B404-37B5C1B7B131}.Debug|x86.Build.0 = Debug|Win32
		{9E1C16AD-51C2-40F6-B404-37B5C1B7B131}.Release|x64.ActiveCfg = Release|x64
		{9E1C16AD-51C2-40F6-B404-37B5C1B7B131}.Release|x64.Build.0 = Release|x64
		{9E1C16AD-51C2-40F6-B404-37B5C1B7B131}.Release|x86.ActiveCfg = Release|Win32
		{9E1C16AD-51C2-40F6-B404-37B5C1B7B131}.Release|x86.Build.0 = Release|Win32
		{1C1DCCD3-152E-4422-B144-754ED88D3CEF}.Debug|x64.ActiveCfg = Debug|x64
		{1C1DCCD3-152E-4422-B144-754ED88D3CEF}.Debug|x64.Build.0 = Debug|x64
		{1C1DCCD3-152E-4422-B144-754ED88D3CEF}.Debug|x86.ActiveCfg = Debug|Win32
		{1C1DCCD3-152E-4422-B144-754ED88D3CEF}.Debug|x86.Build.0 = Debug|Win32
		{1C1DCCD3-152E-4422-B144-754ED88D3CEF}.Release|x64.ActiveCfg = Release|x64
		{1C1DCCD3-152E-4422-B144-754ED88D3CEF}.Release|x64.Build.0 = Release|x64
		{1C1DCCD3-152E-4422-B144-754ED88D3CEF}.Release|x86.ActiveCfg = Release|Win32
		{1C1DCCD3-152E-4422-B144-754ED88D3CEF}.Release|x86.Build.0 = Release|Win32
		{2BA03508-2172-4B5F-A9B8-6FCB3415D6CF}.Debug|x64.ActiveCfg = Debug|x64
		{2BA03508-2172-4B5F-A9B8-6FCB3415D6CF}.Debug|x64.Build.0 = Debug|x64
		{2BA03508-2172-4B5F-A9B8-6FCB3415D6CF}.Debug|x86.ActiveCfg = Debug|Win32
		{2BA03508-2172-4B5F-A9B8-6FCB3415D6CF}.Debug|x86.Build.0 = Debug|Win32
		{2BA03508-2172-4B5F-A9B8-6FCB3415D6CF}.Release|x64.ActiveCfg = Release|x64
		{2BA03508-2172-4B5F-A9B8-6FCB3415D6CF}.Release|x64.Build.0 = Release|x64
		{2BA03508-2172-4B5F-A9B8-6FCB3415D6CF}.Release|x86.ActiveCfg = Release|Win32
		{2BA03508-2172-4B5F-A9B8-6FCB3415D6CF}.Release|x86.Build.0 = Release|Win32
		{14FC6A7F-91F1-41D5-9849-7AAE768507A1}.Debug|x64.ActiveCfg = Debug|x64
		{14FC6A7F-91F1-41D5-9849-7AAE768507A1}.Debug|x64.Build.0 = Debug|x64
		{14FC6A7F-91F1-41D5-9849-7AAE768507A1}.Debug|x86.ActiveCfg = Debug|Win32
		{14FC6A7F-91F1-41D5-9849-7AAE768507A1}.Debug|x86.Build.0 = Debug|Win32
		{14FC6A7F-91F1-41D5-9849-7AAE768507A1}.Release|x64.ActiveCfg = Release|x64
		{14FC6A7F-91F1-41D5-9849-7AAE768507A1}.Release|x64.Build.0 = Release|x64
		{14FC6A7F-91F1-41D5-9849-7AAE768507A1}.Release|x86.ActiveCfg = Release|Win32
		{14FC6A7F-91F1-41D5-9849-7AAE768507A1}.Release|x86.Build.0 = Release|Win32
		{58678884-7929-4423-9AFB-D3FF6B55DA5B}.Debug|x64.ActiveCfg = Debug|x64
		{58678884-7929-4423-9AFB-D3FF6B55DA5B}.Debug|x64.Build.0 = Debug|x64
		{58678884-7929-4423-9AFB-D3FF6B55DA5B}.Debug|x86.ActiveCfg = Debug|Win32
		{58678884-7929-4423-9AFB-D3FF6B55DA5B}.Debug|x86.Build.0 = Debug|Win32
		{58678884-7929-4423-9AFB-D3FF6B55DA5B}.Release|x64.ActiveCfg = Release|x64
		{58678884-7929-4423-9AFB-D3FF6B55DA5B}.Release|x64.Build.0 = Release|x64
		{58678884-7929-4423-9AFB-D3FF6B55DA5B}.Release|x86.ActiveCfg = Release|Win32
		{58678884-7929-4423-9AFB-D3FF6B55DA5B}.Release|x86.Build.0 = Release|Win32
		{5D4D85E9-D010-4841-9F0E-EACB5EB89144}.Debug|x64.ActiveCfg = Debug|x64
		{5D4D85E9-D010-4841-9F0E-EACB5EB89144}.Debug|x64.Build.0 = Debug|x64
		{5D4D85E9-D010-4841-9F0E-EACB5EB89144}.Debug|x86.ActiveCfg = Debug|Win32
		{5D4D85E9-D010-4841-9F0E-EACB5EB89144}.Debug|x86.Build.0 = Debug|Win32
		{5D4D85E9-D010-4841-9F0E-EACB5EB89144}.Release|x64.ActiveCfg = Release|x64
		{5D4D85E9-D010-4841-9F0E-EACB5EB89144}.Release|x64.Build.0 = Release|x64
		{5D4D85E9-D010-4841-9F0E-EACB5EB89144}.Release|x86.ActiveCfg = Release|Win32
		{5D4D85E9-D010-4841-9F0E-EACB5EB89144}.Release|x86.Build.0 = Release|Win32
		{5F067EBB-D96A-43A0-9915-374A6ED4A175}.Debug|x64.ActiveCfg = Debug|x64
		{5F067EBB-D96A-43A0-9915-374A6ED4A175}.Debug|x64.Build.0 = Debug|x64
		{5F067EBB-D96A-43A0-9915-374A6ED4A175}.Debug|x86.ActiveCfg = Debug|Win32
		{5F067EBB-D96A-43A0-9915-374A6ED4A175}.Debug|x86.Build.0 = Debug|Win32
		{5F067EBB-D96A-43A0-9915-374A6ED4A175}.Release|x64.ActiveCfg = Release|x64
		{5F067EBB-D96A-43A0-9915-374A6ED4A175}.Release|x64.Build.0 = Release|x64
		{5F067EBB-D96A-43A0-9915-374A6ED4A175}.Release|x86.ActiveCfg = Release|Win32
		{5F067EBB-D96A-43A0-9915-374A6ED4A175}.Release|x86.Build.0 = Release|Win32
		{48F0F713-E98A-4480-8B88-F462C471CAC0}.Debug|x64.ActiveCfg = Debug|x64
		{48F0F713-E98A-4480-8B88-F462C471CAC0}.Debug|x64.Build.0 = Debug|x64
		{48F0F713-E98A-4480-8B88-F462C471CAC0}.Debug|x86.ActiveCfg = Debug|Win32
		{48F0F713-E98A-4480-8B88-F462C471CAC0}.Debug|x86.Build.0 = Debug|Win32
		{48F0F713-E98A-4480-8B88-F462C471CAC0}.Release|x64.ActiveCfg = Release|x64
		{48F0F713-E98A-4480-8B88-F462C471CAC0}.Release|x64.Build.0 = Release|x64
		{48F0F713-E98A-4480-8B88-F462C471CAC0}.Release|x86.ActiveCfg = Release|Win32
		{48F0F713-E98A-4480-8B88-F462C471CAC0}.Release|x86.Build.0 = Release|Win32
		{4B41BE04-22EC-4197-AFE9-5A761DB082F9}.Debug|x64.ActiveCfg = Debug|x64
		{4B41BE04-22EC-4197-AFE9-5A761DB082F9}.Debug|x64.Build.0 = Debug|x64
		{4B41BE04-22EC-4197-AFE9-5A761DB082F9}.Debug|x86.ActiveCfg = Debug|Win32
		{4B41BE04-22EC-4197-AFE9-5A761DB082F9}.Debug|x86.Build.0 = Debug|Win32
		{4B41BE04-22EC-4197-AFE9-5A761DB082F9}.Release|x64.ActiveCfg = Release|x64
		{4B41BE04-22EC-4197-AFE9-5A761DB082F9}.Release|x64.Build.0 = Release|x64
		{4B41BE04-22EC-4197-AFE9-5A761DB082F9}.Release|x86.ActiveCfg = Release|Win32
		{4B41BE04-22EC-4197-AFE9-5A761DB082F9}.Release|x86.Build.0 = Release|Win32
		{51993C83-675F-432E-BB48-87EC311FA974}.Debug|x64.ActiveCfg = Debug|x64
		{51993C83-675F-432E-BB48-87EC311FA974}.Debug|x64.Build.0 = Debug|x64
		{51993C83-675F-432E-BB48-87EC311FA974}.Debug|x86.ActiveCfg = Debug|Win32
		{51993C83-675F-432E-BB48-87EC311FA974}.Debug|x86.Build.0 = Debug|Win32
		{51993C83-675F-432E-BB48-87EC311FA974}.Release|x64.ActiveCfg = Release|x64
		{51993C83-675F-432E-BB48-87EC311FA974}.Release|x64.Build.0 = Release|x64
		{51993C83-675F-432E-BB48-87EC311FA974}.Release|x86.ActiveCfg = Release|Win32
		{51993C83-675F-432E-BB48-87EC311FA974}.Release|x86.Build.0 = Release|Win32
		{473CD43F-C368-49B5-8DA8-0EA7D90B34F0}.Debug|x64.ActiveCfg = Debug|x64
		{473CD43F-C368-49B5-8DA8-0EA7D90B34F0}.Debug|x64.Build.0 = Debug|x64
		{473CD43F-C368-49B5-8DA8-0EA7D90B34F0}.Debug|x86.ActiveCfg = Debug|Win32
		{473CD43F-C368-49B5-8DA8-0EA7D90B34F0}.Debug|x86.Build.0 = Debug|Win32
		{473CD43F-C368-49B5-8DA8-0EA7D90B34F0}.Release|x64.ActiveCfg = Release|x64
		{473CD43F-C368-49B5-8DA8-0EA7D90B34F0}.Release|x64.Build.0 = Release|x64
		{473CD43F-C368-49B5-8DA8-0EA7D90B34F0}.Release|x86.ActiveCfg = Release|Win32
		{473CD43F-C368-49B5-8DA8-0EA7D90B34F0}.Release|x86.Build.0 = Release|Win32
		{02F670C8-5C00-4170-B9A2-C6B6B5F76296}.Debug|x64.ActiveCfg = Debug|x64
		{02F670C8-5C00-4170-B9A2-C6B6B5F76296}.Debug|x64.Build.0 = Debug|x64
		{02F670C8-5C00-4170-B9A2-C6B6B5F76296}.Debug|x86.ActiveCfg = Debug|Win32
		{02F670C8-5C00-4170-B9A2-C6B6B5F76296}.Debug|x86.Build.0 = Debug|Win32
		{02F670C8-5C00-4170-B9A2-C6B6B5F76296}.Release|x64.ActiveCfg = Release|x64
		{02F670C8-5C00-4170-B9A2-C6B6B5F76296}.Release|x64.Build.0 = Release|x64
		{02F670C8-5C00-4170-B9A2-C6B6B5F76296}.Release|x86.ActiveCfg = Release|Win32
		{02F670C8-5C00-4170-B9A2-C6B6B5F76296}.Release|x86.Build.0 = Release|Win32
		{8CCF9996-D5FC-4A4A-9993-9A7E9F984D04}.Debug|x64.ActiveCfg = Debug|x64
		{8CCF9996-D5FC-4A4A-9993-9A7E9F984D04}.Debug|x64.Build.0 = Debug|x64
		{8CCF9996-D5FC-4A4A-9993-9A7E9F984D04}.Debug|x86.ActiveCfg = Debug|Win32
		{8CCF9996-D5FC-4A4A-9993-9A7E9F984D04}.Debug|x86.Build.0 = Debug|Win32
		{8CCF9996-D5FC-4A4A-9993-9A7E9F984D04}.Release|x64.ActiveCfg = Release|x64
		{8CCF9996-D5FC-4A4A-9993-9A7E9F984D04}.Release|x64.Build.0 = Release|x64
		{8CCF9996-D5FC-4A4A-9993-9A7E9F984D04}.Release|x86.ActiveCfg = Release|Win32
		{8CCF9996-D5FC-4A4A-9993-9A7E9F984D04}.Release|x86.Build.0 = Release|Win32
		{C0ADDD0E-C87C-448B-8641-CCD8AFCFDFA0}.Debug|x64.ActiveCfg = Debug|x64
		{C0ADDD0E-C87C-448B-8641-CCD8AFCFDFA0}.Debug|x64.Build.0 = Debug|x64
		{C0ADDD0E-C87C-448B-8641-CCD8AFCFDFA0}.Debug|x86.ActiveCfg = Debug|Win32
		{C0ADDD0E-C87C-448B-8641-CCD8AFCFDFA0}.Debug|x86.Build.0 = Debug|Win32
		{C0ADDD0E-C87C-448B-8641-CCD8AFCFDFA0}.Release|x64.ActiveCfg = Release|x64
		{C0ADDD0E-C87C-448B-8641-CCD8AFCFDFA0}.Release|x64.Build.0 = Release|x64
		{C0ADDD0E-C87C-448B-8641-CCD8AFCFDFA0}.Release|x86.ActiveCfg = Release|Win32
		{C0ADDD0E-C87C-448B-8641-CCD8AFCFDFA0}.Release|x86.Build.0 = Release|Win32
		{84700FA9-9785-43F0-829F-A8588F41AB54}.Debug|x64.ActiveCfg = Debug|x64
		{84700FA9-9785-43F0-829F-A8588F41AB54}.Debug|x64.Build.0 = Debug|x64
		{84700FA9-9785-43F0-829F-A8588F41AB54}.Debug|x86.ActiveCfg = Debug|Win32
		{84700FA9-9785-43F0-829F-A8588F41AB54}.Debug|x86.Build.0 = Debug|Win32
		{84700FA9-9785-43F0-829F-A8588F41AB54}.Release|x64.ActiveCfg = Release|x64
		{84700FA9-9785-43F0-829F-A8588F41AB54}.Release|x64.Build.0 = Release|x64
		{84700FA9-9785-43F0-829F-A8588F41AB54}.Release|x86.ActiveCfg = Release|Win32
		{84700FA9-9785-43F0-829F-A8588F41AB54}.Release|x86.Build.0 = Release|Win32
		{699B5060-576D-4156-ACC1-8EAF48BAE93B}.Debug|x64.ActiveCfg = Debug|x64
		{699B5060-576D-4156-ACC1-8EAF48BAE93B}.Debug|x64.Build.0 = Debug|x64
		{699B5060-576D-4156-ACC1-8EAF48BAE93B}.Debug|x86.ActiveCfg = Debug|Win32
		{699B5060-576D-4156-ACC1-8EAF48BAE93B}.Debug|x86.Build.0 = Debug|Win32
		{699B5060-576D-4156-ACC1-8EAF48BAE93B}.Release|x64.ActiveCfg = Release|x64
		{699B5060-576D-4156-ACC1-8EAF48BAE93B}.Release|x64.Build.0 = Release|x64
		{699B5060-576D-4156-ACC1-8EAF48BAE93B}.Release|x86.ActiveCfg = Release|Win32
		{699B5060-576D-4156-ACC1-8EAF48BAE93B}.Release|x86.Build.0 = Release|Win32
		{88A12EFB-86A2-4759-ADDD-446C014DAAD6}.Debug|x64.ActiveCfg = Debug|x64
		{88A12EFB-86A2-4759-ADDD-446C014DAAD6}.Debug|x64.Build.0 = Debug|x64
		{88A12EFB-86A2-4759-ADDD-446C014DAAD6}.Debug|x86.ActiveCfg = Debug|Win32
		{88A12EFB-86A2-4759-ADDD-446C014DAAD6}.Debug|x86.Build.0 = Debug|Win32
		{88A12EFB-86A2-4759-ADDD-446C014DAAD6}.Release|x64.ActiveCfg = Release|x64
		{88A12EFB-86A2-4759-ADDD-446C014DAAD6}.Release|x64.Build.0 = Release|x64
		{88A12EFB-86A2-4759-ADDD-446C014DAAD6}.Release|x86.ActiveCfg = Release|Win32
		{88A12EFB-86A2-4759-ADDD-446C014DAAD6}.Release|x86.Build.0 = Release|Win32
		{97F678E1-3115-47DB-B585-46B61446DD96}.Debug|x64.ActiveCfg = Debug|x64
		{97F678E1-3115-47DB-B585-46B61446DD96}.Debug|x64.Build.0 = Debug|x64
		{97F678E1-3115-47DB-B585-46B61446DD96}.Debug|x86.ActiveCfg = Debug|Win32
		{97F678E1-3115-47DB-B585-46B61446DD96}.Debug|x86.Build.0 = Debug|Win32
		{97F678E1-3115-47DB-B585-46B61446DD96}.Release|x64.ActiveCfg = Release|x64
		{97F678E1-3115-47DB-B585-46B61446DD96}.Release|x64.Build.0 = Release|x64
		{97F678E1-3115-47DB-B585-46B61446DD96}.Release|x86.ActiveCfg = Release|Win32
		{97F678E1-3115-47DB-B585-46B61446DD96}.Release|x86.Build.0 = Release|Win32
		{E7A62EA4-39A0-4610-A66F-9469B3D674E4}.Debug|x64.ActiveCfg = Debug|x64
		{E7A62EA4-39A0-4610-A66F-9469B3D674E4}.Debug|x64.Build.0 = Debug|x64
		{E7A62EA4-39A0-4610-A66F-9469B3D674E4}.Debug|x86.ActiveCfg = Debug|Win32
		{E7A62EA4-39A0-4610-A66F-9469B3D674E4}.Debug|x86.Build.0 = Debug|Win32
		{E7A62EA4-39A0-4610-A66F-9469B3D674E4}.Release|x64.ActiveCfg = Release|x64
		{E7A62EA4-39A0-4610-A66F-9469B3D674E4}.Release|x64.Build.0 = Release|x64
		{E7A62EA4-39A0-4610-A66F-9469B3D674E4}.Release|x86.ActiveCfg = Release|Win32
		{E7A62EA4-39A0-4610-A66F-9469B3D674E4}.Release|x86.Build.0 = Release|Win32
		{0947BA9C-9A72-4174-B7A2-5FFE475A8FFF}.Debug|x64.ActiveCfg = Debug|x64
		{0947BA9C-9A72-4174-B7A2-5FFE475A8FFF}.Debug|x64.Build.0 = Debug|x64
		{0947BA9C-9A72-4174-B7A2-5FFE475A8FFF}.Debug|x86.ActiveCfg = Debug|Win32
		{0947BA9C-9A72-4174-B7A2-5FFE475A8FFF}.Debug|x86.Build.0 = Debug|Win32
		{0947BA9C-9A72-4174-B7A2-5FFE475A8FFF}.Release|x64.ActiveCfg = Release|x64
		{0947BA9C-9A72-4174-B7A2-5FFE475A8FFF}.Release|x64.Build.0 = Release|x64
		{0947BA9C-9A72-4174-B7A2-5FFE475A8FFF}.Release|x86.ActiveCfg = Release|Win32
		{0947BA9C-9A72-4174-B7A2-5FFE475A8FFF}.Release|x86.Build.0 = Release|Win32
	EndGlobalSection
	GlobalSection(SolutionProperties) = preSolution
		HideSolutionNode = FALSE
	EndGlobalSection
	GlobalSection(ExtensibilityGlobals) = postSolution
		SolutionGuid = {48D1511F-2177-4381-B278-80B3D3B5E75E}
	EndGlobalSection
EndGlobal
